
Microsoft Visual Studio Solution File, Format Version 12.00
# Visual Studio Version 17
VisualStudioVersion = 17.11.35327.3
MinimumVisualStudioVersion = 10.0.40219.1
Project("{FAE04EC0-301F-11D3-BF4B-00C04F79EFBC}") = "TeamF", "TeamF\TeamF.csproj", "{7BA8BA46-00FD-4479-AC3F-EB077F44A595}"
EndProject
Global
	GlobalSection(SolutionConfigurationPlatforms) = preSolution
		Debug|Any CPU = Debug|Any CPU
		Release|Any CPU = Release|Any CPU
	EndGlobalSection
	GlobalSection(ProjectConfigurationPlatforms) = postSolution
		{7BA8BA46-00FD-4479-AC3F-EB077F44A595}.Debug|Any CPU.ActiveCfg = Debug|Any CPU
		{7BA8BA46-00FD-4479-AC3F-EB077F44A595}.Debug|Any CPU.Build.0 = Debug|Any CPU
		{7BA8BA46-00FD-4479-AC3F-EB077F44A595}.Release|Any CPU.ActiveCfg = Release|Any CPU
		{7BA8BA46-00FD-4479-AC3F-EB077F44A595}.Release|Any CPU.Build.0 = Release|Any CPU
	EndGlobalSection
	GlobalSection(SolutionProperties) = preSolution
		HideSolutionNode = FALSE
	EndGlobalSection
	GlobalSection(ExtensibilityGlobals) = postSolution
		SolutionGuid = {223DBC1D-0E0F-4A0E-8245-87C54721E63B}
	EndGlobalSection
EndGlobal
